dependencies:
- name: postgresql
  repository: oci://registry-1.docker.io/bitnamicharts
  version: 16.3.2
- name: elasticsearch
  repository: oci://registry-1.docker.io/bitnamicharts
  version: 21.4.1
digest: sha256:87dae58ef72476fd859f5194acc551e768d014bb90d57cf6e70c6da5d41ea89c
generated: "2024-12-19T11:55:54.449951+01:00"
